// !$*UTF8*$!
{
	archiveVersion = 1;
	classes = {
	};
	objectVersion = 56;
	objects = {

/* Begin PBXBuildFile section */
		3A05392C299BFF5500A43932 /* AppDelegate.swift in Sources */ = {isa = PBXBuildFile; fileRef = 3A05392B299BFF5500A43932 /* AppDelegate.swift */; };
		3A053930299BFF5500A43932 /* LoginViewController.swift in Sources */ = {isa = PBXBuildFile; fileRef = 3A05392F299BFF5500A43932 /* LoginViewController.swift */; };
		3A053935299BFF5700A43932 /* Assets.xcassets in Resources */ = {isa = PBXBuildFile; fileRef = 3A053934299BFF5700A43932 /* Assets.xcassets */; };
		3A053938299BFF5700A43932 /* LaunchScreen.storyboard in Resources */ = {isa = PBXBuildFile; fileRef = 3A053936299BFF5700A43932 /* LaunchScreen.storyboard */; };
		3A053942299CF82600A43932 /* LoginView.swift in Sources */ = {isa = PBXBuildFile; fileRef = 3A053941299CF82600A43932 /* LoginView.swift */; };
		3A788F7029A5219700F95D19 /* OnboardingContainerViewController.swift in Sources */ = {isa = PBXBuildFile; fileRef = 3A788F6F29A5219700F95D19 /* OnboardingContainerViewController.swift */; };
		3A788F7229A529E500F95D19 /* OnboardingViewController.swift in Sources */ = {isa = PBXBuildFile; fileRef = 3A788F7129A529E500F95D19 /* OnboardingViewController.swift */; };
		3A788F7629A672CE00F95D19 /* DummyViewController.swift in Sources */ = {isa = PBXBuildFile; fileRef = 3A788F7529A672CE00F95D19 /* DummyViewController.swift */; };
		3A788F7929A680EF00F95D19 /* LocalState.swift in Sources */ = {isa = PBXBuildFile; fileRef = 3A788F7829A680EF00F95D19 /* LocalState.swift */; };
		3A788F7B29A6911C00F95D19 /* UIViewController+Utils.swift in Sources */ = {isa = PBXBuildFile; fileRef = 3A788F7A29A6911C00F95D19 /* UIViewController+Utils.swift */; };
		3A788F7D29A6925500F95D19 /* MainViewController.swift in Sources */ = {isa = PBXBuildFile; fileRef = 3A788F7C29A6925500F95D19 /* MainViewController.swift */; };
		3A788F8029A7A28F00F95D19 /* AccountSummaryViewControler.swift in Sources */ = {isa = PBXBuildFile; fileRef = 3A788F7F29A7A28F00F95D19 /* AccountSummaryViewControler.swift */; };
/* End PBXBuildFile section */

/* Begin PBXFileReference section */
		3A053928299BFF5500A43932 /* banky.app */ = {isa = PBXFileReference; explicitFileType = wrapper.application; includeInIndex = 0; path = banky.app; sourceTree = BUILT_PRODUCTS_DIR; };
		3A05392B299BFF5500A43932 /* AppDelegate.swift */ = {isa = PBXFileReference; lastKnownFileType = sourcecode.swift; path = AppDelegate.swift; sourceTree = "<group>"; };
		3A05392F299BFF5500A43932 /* LoginViewController.swift */ = {isa = PBXFileReference; lastKnownFileType = sourcecode.swift; path = LoginViewController.swift; sourceTree = "<group>"; };
		3A053934299BFF5700A43932 /* Assets.xcassets */ = {isa = PBXFileReference; lastKnownFileType = folder.assetcatalog; path = Assets.xcassets; sourceTree = "<group>"; };
		3A053937299BFF5700A43932 /* Base */ = {isa = PBXFileReference; lastKnownFileType = file.storyboard; name = Base; path = Base.lproj/LaunchScreen.storyboard; sourceTree = "<group>"; };
		3A053939299BFF5700A43932 /* Info.plist */ = {isa = PBXFileReference; lastKnownFileType = text.plist.xml; path = Info.plist; sourceTree = "<group>"; };
		3A053941299CF82600A43932 /* LoginView.swift */ = {isa = PBXFileReference; lastKnownFileType = sourcecode.swift; path = LoginView.swift; sourceTree = "<group>"; };
		3A788F6F29A5219700F95D19 /* OnboardingContainerViewController.swift */ = {isa = PBXFileReference; lastKnownFileType = sourcecode.swift; path = OnboardingContainerViewController.swift; sourceTree = "<group>"; };
		3A788F7129A529E500F95D19 /* OnboardingViewController.swift */ = {isa = PBXFileReference; lastKnownFileType = sourcecode.swift; path = OnboardingViewController.swift; sourceTree = "<group>"; };
		3A788F7529A672CE00F95D19 /* DummyViewController.swift */ = {isa = PBXFileReference; lastKnownFileType = sourcecode.swift; path = DummyViewController.swift; sourceTree = "<group>"; };
		3A788F7829A680EF00F95D19 /* LocalState.swift */ = {isa = PBXFileReference; lastKnownFileType = sourcecode.swift; path = LocalState.swift; sourceTree = "<group>"; };
		3A788F7A29A6911C00F95D19 /* UIViewController+Utils.swift */ = {isa = PBXFileReference; lastKnownFileType = sourcecode.swift; path = "UIViewController+Utils.swift"; sourceTree = "<group>"; };
		3A788F7C29A6925500F95D19 /* MainViewController.swift */ = {isa = PBXFileReference; lastKnownFileType = sourcecode.swift; path = MainViewController.swift; sourceTree = "<group>"; };
		3A788F7F29A7A28F00F95D19 /* AccountSummaryViewControler.swift */ = {isa = PBXFileReference; lastKnownFileType = sourcecode.swift; path = AccountSummaryViewControler.swift; sourceTree = "<group>"; };
/* End PBXFileReference section */

/* Begin PBXFrameworksBuildPhase section */
		3A053925299BFF5500A43932 /* Frameworks */ = {
			isa = PBXFrameworksBuildPhase;
			buildActionMask = 2147483647;
			files = (
			);
			runOnlyForDeploymentPostprocessing = 0;
		};
/* End PBXFrameworksBuildPhase section */

/* Begin PBXGroup section */
		3A05391F299BFF5500A43932 = {
			isa = PBXGroup;
			children = (
				3A05392A299BFF5500A43932 /* banky */,
				3A053929299BFF5500A43932 /* Products */,
			);
			sourceTree = "<group>";
		};
		3A053929299BFF5500A43932 /* Products */ = {
			isa = PBXGroup;
			children = (
				3A053928299BFF5500A43932 /* banky.app */,
			);
			name = Products;
			sourceTree = "<group>";
		};
		3A05392A299BFF5500A43932 /* banky */ = {
			isa = PBXGroup;
			children = (
				3A05392B299BFF5500A43932 /* AppDelegate.swift */,
				3A788F7C29A6925500F95D19 /* MainViewController.swift */,
				3A053940299CF7E500A43932 /* Login */,
				3A788F6E29A5212D00F95D19 /* Onboarding */,
				3A788F7E29A7A1AD00F95D19 /* AccountSummary */,
				3A788F7729A680CA00F95D19 /* Utils */,
				3A05393F299CF73000A43932 /* Files */,
			);
			path = banky;
			sourceTree = "<group>";
		};
		3A05393F299CF73000A43932 /* Files */ = {
			isa = PBXGroup;
			children = (
				3A053934299BFF5700A43932 /* Assets.xcassets */,
				3A053936299BFF5700A43932 /* LaunchScreen.storyboard */,
				3A053939299BFF5700A43932 /* Info.plist */,
			);
			name = Files;
			sourceTree = "<group>";
		};
		3A053940299CF7E500A43932 /* Login */ = {
			isa = PBXGroup;
			children = (
				3A05392F299BFF5500A43932 /* LoginViewController.swift */,
				3A053941299CF82600A43932 /* LoginView.swift */,
				3A788F7529A672CE00F95D19 /* DummyViewController.swift */,
			);
			path = Login;
			sourceTree = "<group>";
		};
		3A788F6E29A5212D00F95D19 /* Onboarding */ = {
			isa = PBXGroup;
			children = (
				3A788F6F29A5219700F95D19 /* OnboardingContainerViewController.swift */,
				3A788F7129A529E500F95D19 /* OnboardingViewController.swift */,
			);
			path = Onboarding;
			sourceTree = "<group>";
		};
		3A788F7729A680CA00F95D19 /* Utils */ = {
			isa = PBXGroup;
			children = (
				3A788F7829A680EF00F95D19 /* LocalState.swift */,
				3A788F7A29A6911C00F95D19 /* UIViewController+Utils.swift */,
			);
			path = Utils;
			sourceTree = "<group>";
		};
		3A788F7E29A7A1AD00F95D19 /* AccountSummary */ = {
			isa = PBXGroup;
			children = (
				3A788F7F29A7A28F00F95D19 /* AccountSummaryViewControler.swift */,
			);
			path = AccountSummary;
			sourceTree = "<group>";
		};
/* End PBXGroup section */

/* Begin PBXNativeTarget section */
		3A053927299BFF5500A43932 /* banky */ = {
			isa = PBXNativeTarget;
			buildConfigurationList = 3A05393C299BFF5700A43932 /* Build configuration list for PBXNativeTarget "banky" */;
			buildPhases = (
				3A053924299BFF5500A43932 /* Sources */,
				3A053925299BFF5500A43932 /* Frameworks */,
				3A053926299BFF5500A43932 /* Resources */,
			);
			buildRules = (
			);
			dependencies = (
			);
			name = banky;
			productName = banky;
			productReference = 3A053928299BFF5500A43932 /* banky.app */;
			productType = "com.apple.product-type.application";
		};
/* End PBXNativeTarget section */

/* Begin PBXProject section */
		3A053920299BFF5500A43932 /* Project object */ = {
			isa = PBXProject;
			attributes = {
				BuildIndependentTargetsInParallel = 1;
				LastSwiftUpdateCheck = 1420;
				LastUpgradeCheck = 1420;
				TargetAttributes = {
					3A053927299BFF5500A43932 = {
						CreatedOnToolsVersion = 14.2;
					};
				};
			};
			buildConfigurationList = 3A053923299BFF5500A43932 /* Build configuration list for PBXProject "banky" */;
			compatibilityVersion = "Xcode 14.0";
			developmentRegion = en;
			hasScannedForEncodings = 0;
			knownRegions = (
				en,
				Base,
			);
			mainGroup = 3A05391F299BFF5500A43932;
			productRefGroup = 3A053929299BFF5500A43932 /* Products */;
			projectDirPath = "";
			projectRoot = "";
			targets = (
				3A053927299BFF5500A43932 /* banky */,
			);
		};
/* End PBXProject section */

/* Begin PBXResourcesBuildPhase section */
		3A053926299BFF5500A43932 /* Resources */ = {
			isa = PBXResourcesBuildPhase;
			buildActionMask = 2147483647;
			files = (
				3A053938299BFF5700A43932 /* LaunchScreen.storyboard in Resources */,
				3A053935299BFF5700A43932 /* Assets.xcassets in Resources */,
			);
			runOnlyForDeploymentPostprocessing = 0;
		};
/* End PBXResourcesBuildPhase section */

/* Begin PBXSourcesBuildPhase section */
		3A053924299BFF5500A43932 /* Sources */ = {
			isa = PBXSourcesBuildPhase;
			buildActionMask = 2147483647;
			files = (
				3A788F8029A7A28F00F95D19 /* AccountSummaryViewControler.swift in Sources */,
				3A788F7B29A6911C00F95D19 /* UIViewController+Utils.swift in Sources */,
				3A788F7629A672CE00F95D19 /* DummyViewController.swift in Sources */,
				3A788F7929A680EF00F95D19 /* LocalState.swift in Sources */,
				3A053942299CF82600A43932 /* LoginView.swift in Sources */,
				3A053930299BFF5500A43932 /* LoginViewController.swift in Sources */,
				3A788F7229A529E500F95D19 /* OnboardingViewController.swift in Sources */,
				3A788F7D29A6925500F95D19 /* MainViewController.swift in Sources */,
				3A05392C299BFF5500A43932 /* AppDelegate.swift in Sources */,
				3A788F7029A5219700F95D19 /* OnboardingContainerViewController.swift in Sources */,
			);
			runOnlyForDeploymentPostprocessing = 0;
		};
/* End PBXSourcesBuildPhase section */

/* Begin PBXVariantGroup section */
		3A053936299BFF5700A43932 /* LaunchScreen.storyboard */ = {
			isa = PBXVariantGroup;
			children = (
				3A053937299BFF5700A43932 /* Base */,
			);
			name = LaunchScreen.storyboard;
			sourceTree = "<group>";
		};
/* End PBXVariantGroup section */

/* Begin XCBuildConfiguration section */
		3A05393A299BFF5700A43932 /* Debug */ = {
			isa = XCBuildConfiguration;
			buildSettings = {
				ALWAYS_SEARCH_USER_PATHS = NO;
				CLANG_ANALYZER_NONNULL = YES;
				CLANG_ANALYZER_NUMBER_OBJECT_CONVERSION = YES_AGGRESSIVE;
				CLANG_CXX_LANGUAGE_STANDARD = "gnu++20";
				CLANG_ENABLE_MODULES = YES;
				CLANG_ENABLE_OBJC_ARC = YES;
				CLANG_ENABLE_OBJC_WEAK = YES;
				CLANG_WARN_BLOCK_CAPTURE_AUTORELEASING = YES;
				CLANG_WARN_BOOL_CONVERSION = YES;
				CLANG_WARN_COMMA = YES;
				CLANG_WARN_CONSTANT_CONVERSION = YES;
				CLANG_WARN_DEPRECATED_OBJC_IMPLEMENTATIONS = YES;
				CLANG_WARN_DIRECT_OBJC_ISA_USAGE = YES_ERROR;
				CLANG_WARN_DOCUMENTATION_COMMENTS = YES;
				CLANG_WARN_EMPTY_BODY = YES;
				CLANG_WARN_ENUM_CONVERSION = YES;
				CLANG_WARN_INFINITE_RECURSION = YES;
				CLANG_WARN_INT_CONVERSION = YES;
				CLANG_WARN_NON_LITERAL_NULL_CONVERSION = YES;
				CLANG_WARN_OBJC_IMPLICIT_RETAIN_SELF = YES;
				CLANG_WARN_OBJC_LITERAL_CONVERSION = YES;
				CLANG_WARN_OBJC_ROOT_CLASS = YES_ERROR;
				CLANG_WARN_QUOTED_INCLUDE_IN_FRAMEWORK_HEADER = YES;
				CLANG_WARN_RANGE_LOOP_ANALYSIS = YES;
				CLANG_WARN_STRICT_PROTOTYPES = YES;
				CLANG_WARN_SUSPICIOUS_MOVE = YES;
				CLANG_WARN_UNGUARDED_AVAILABILITY = YES_AGGRESSIVE;
				CLANG_WARN_UNREACHABLE_CODE = YES;
				CLANG_WARN__DUPLICATE_METHOD_MATCH = YES;
				COPY_PHASE_STRIP = NO;
				DEBUG_INFORMATION_FORMAT = dwarf;
				ENABLE_STRICT_OBJC_MSGSEND = YES;
				ENABLE_TESTABILITY = YES;
				GCC_C_LANGUAGE_STANDARD = gnu11;
				GCC_DYNAMIC_NO_PIC = NO;
				GCC_NO_COMMON_BLOCKS = YES;
				GCC_OPTIMIZATION_LEVEL = 0;
				GCC_PREPROCESSOR_DEFINITIONS = (
					"DEBUG=1",
					"$(inherited)",
				);
				GCC_WARN_64_TO_32_BIT_CONVERSION = YES;
				GCC_WARN_ABOUT_RETURN_TYPE = YES_ERROR;
				GCC_WARN_UNDECLARED_SELECTOR = YES;
				GCC_WARN_UNINITIALIZED_AUTOS = YES_AGGRESSIVE;
				GCC_WARN_UNUSED_FUNCTION = YES;
				GCC_WARN_UNUSED_VARIABLE = YES;
				IPHONEOS_DEPLOYMENT_TARGET = 16.2;
				MTL_ENABLE_DEBUG_INFO = INCLUDE_SOURCE;
				MTL_FAST_MATH = YES;
				ONLY_ACTIVE_ARCH = YES;
				SDKROOT = iphoneos;
				SWIFT_ACTIVE_COMPILATION_CONDITIONS = DEBUG;
				SWIFT_OPTIMIZATION_LEVEL = "-Onone";
			};
			name = Debug;
		};
		3A05393B299BFF5700A43932 /* Release */ = {
			isa = XCBuildConfiguration;
			buildSettings = {
				ALWAYS_SEARCH_USER_PATHS = NO;
				CLANG_ANALYZER_NONNULL = YES;
				CLANG_ANALYZER_NUMBER_OBJECT_CONVERSION = YES_AGGRESSIVE;
				CLANG_CXX_LANGUAGE_STANDARD = "gnu++20";
				CLANG_ENABLE_MODULES = YES;
				CLANG_ENABLE_OBJC_ARC = YES;
				CLANG_ENABLE_OBJC_WEAK = YES;
				CLANG_WARN_BLOCK_CAPTURE_AUTORELEASING = YES;
				CLANG_WARN_BOOL_CONVERSION = YES;
				CLANG_WARN_COMMA = YES;
				CLANG_WARN_CONSTANT_CONVERSION = YES;
				CLANG_WARN_DEPRECATED_OBJC_IMPLEMENTATIONS = YES;
				CLANG_WARN_DIRECT_OBJC_ISA_USAGE = YES_ERROR;
				CLANG_WARN_DOCUMENTATION_COMMENTS = YES;
				CLANG_WARN_EMPTY_BODY = YES;
				CLANG_WARN_ENUM_CONVERSION = YES;
				CLANG_WARN_INFINITE_RECURSION = YES;
				CLANG_WARN_INT_CONVERSION = YES;
				CLANG_WARN_NON_LITERAL_NULL_CONVERSION = YES;
				CLANG_WARN_OBJC_IMPLICIT_RETAIN_SELF = YES;
				CLANG_WARN_OBJC_LITERAL_CONVERSION = YES;
				CLANG_WARN_OBJC_ROOT_CLASS = YES_ERROR;
				CLANG_WARN_QUOTED_INCLUDE_IN_FRAMEWORK_HEADER = YES;
				CLANG_WARN_RANGE_LOOP_ANALYSIS = YES;
				CLANG_WARN_STRICT_PROTOTYPES = YES;
				CLANG_WARN_SUSPICIOUS_MOVE = YES;
				CLANG_WARN_UNGUARDED_AVAILABILITY = YES_AGGRESSIVE;
				CLANG_WARN_UNREACHABLE_CODE = YES;
				CLANG_WARN__DUPLICATE_METHOD_MATCH = YES;
				COPY_PHASE_STRIP = NO;
				DEBUG_INFORMATION_FORMAT = "dwarf-with-dsym";
				ENABLE_NS_ASSERTIONS = NO;
				ENABLE_STRICT_OBJC_MSGSEND = YES;
				GCC_C_LANGUAGE_STANDARD = gnu11;
				GCC_NO_COMMON_BLOCKS = YES;
				GCC_WARN_64_TO_32_BIT_CONVERSION = YES;
				GCC_WARN_ABOUT_RETURN_TYPE = YES_ERROR;
				GCC_WARN_UNDECLARED_SELECTOR = YES;
				GCC_WARN_UNINITIALIZED_AUTOS = YES_AGGRESSIVE;
				GCC_WARN_UNUSED_FUNCTION = YES;
				GCC_WARN_UNUSED_VARIABLE = YES;
				IPHONEOS_DEPLOYMENT_TARGET = 16.2;
				MTL_ENABLE_DEBUG_INFO = NO;
				MTL_FAST_MATH = YES;
				SDKROOT = iphoneos;
				SWIFT_COMPILATION_MODE = wholemodule;
				SWIFT_OPTIMIZATION_LEVEL = "-O";
				VALIDATE_PRODUCT = YES;
			};
			name = Release;
		};
		3A05393D299BFF5700A43932 /* Debug */ = {
			isa = XCBuildConfiguration;
			buildSettings = {
				ASSETCATALOG_COMPILER_APPICON_NAME = AppIcon;
				ASSETCATALOG_COMPILER_GLOBAL_ACCENT_COLOR_NAME = AccentColor;
				CODE_SIGN_STYLE = Automatic;
				CURRENT_PROJECT_VERSION = 1;
				GENERATE_INFOPLIST_FILE = YES;
				INFOPLIST_FILE = banky/Info.plist;
				INFOPLIST_KEY_UIApplicationSupportsIndirectInputEvents = YES;
				INFOPLIST_KEY_UILaunchStoryboardName = LaunchScreen;
				INFOPLIST_KEY_UISupportedInterfaceOrientations_iPad = "UIInterfaceOrientationPortrait UIInterfaceOrientationPortraitUpsideDown UIInterfaceOrientationLandscapeLeft UIInterfaceOrientationLandscapeRight";
				INFOPLIST_KEY_UISupportedInterfaceOrientations_iPhone = "UIInterfaceOrientationPortrait UIInterfaceOrientationLandscapeLeft UIInterfaceOrientationLandscapeRight";
				LD_RUNPATH_SEARCH_PATHS = (
					"$(inherited)",
					"@executable_path/Frameworks",
				);
				MARKETING_VERSION = 1.0;
				PRODUCT_BUNDLE_IDENTIFIER = "hans-c.banky";
				PRODUCT_NAME = "$(TARGET_NAME)";
				SWIFT_EMIT_LOC_STRINGS = YES;
				SWIFT_VERSION = 5.0;
				TARGETED_DEVICE_FAMILY = "1,2";
			};
			name = Debug;
		};
		3A05393E299BFF5700A43932 /* Release */ = {
			isa = XCBuildConfiguration;
			buildSettings = {
				ASSETCATALOG_COMPILER_APPICON_NAME = AppIcon;
				ASSETCATALOG_COMPILER_GLOBAL_ACCENT_COLOR_NAME = AccentColor;
				CODE_SIGN_STYLE = Automatic;
				CURRENT_PROJECT_VERSION = 1;
				GENERATE_INFOPLIST_FILE = YES;
				INFOPLIST_FILE = banky/Info.plist;
				INFOPLIST_KEY_UIApplicationSupportsIndirectInputEvents = YES;
				INFOPLIST_KEY_UILaunchStoryboardName = LaunchScreen;
				INFOPLIST_KEY_UISupportedInterfaceOrientations_iPad = "UIInterfaceOrientationPortrait UIInterfaceOrientationPortraitUpsideDown UIInterfaceOrientationLandscapeLeft UIInterfaceOrientationLandscapeRight";
				INFOPLIST_KEY_UISupportedInterfaceOrientations_iPhone = "UIInterfaceOrientationPortrait UIInterfaceOrientationLandscapeLeft UIInterfaceOrientationLandscapeRight";
				LD_RUNPATH_SEARCH_PATHS = (
					"$(inherited)",
					"@executable_path/Frameworks",
				);
				MARKETING_VERSION = 1.0;
				PRODUCT_BUNDLE_IDENTIFIER = "hans-c.banky";
				PRODUCT_NAME = "$(TARGET_NAME)";
				SWIFT_EMIT_LOC_STRINGS = YES;
				SWIFT_VERSION = 5.0;
				TARGETED_DEVICE_FAMILY = "1,2";
			};
			name = Release;
		};
/* End XCBuildConfiguration section */

/* Begin XCConfigurationList section */
		3A053923299BFF5500A43932 /* Build configuration list for PBXProject "banky" */ = {
			isa = XCConfigurationList;
			buildConfigurations = (
				3A05393A299BFF5700A43932 /* Debug */,
				3A05393B299BFF5700A43932 /* Release */,
			);
			defaultConfigurationIsVisible = 0;
			defaultConfigurationName = Release;
		};
		3A05393C299BFF5700A43932 /* Build configuration list for PBXNativeTarget "banky" */ = {
			isa = XCConfigurationList;
			buildConfigurations = (
				3A05393D299BFF5700A43932 /* Debug */,
				3A05393E299BFF5700A43932 /* Release */,
			);
			defaultConfigurationIsVisible = 0;
			defaultConfigurationName = Release;
		};
/* End XCConfigurationList section */
	};
	rootObject = 3A053920299BFF5500A43932 /* Project object */;
}
